
Microsoft Visual Studio Solution File, Format Version 12.00
# Visual Studio Version 16
VisualStudioVersion = 16.0.29728.190
MinimumVisualStudioVersion = 10.0.40219.1
Project("{2150E333-8FDC-42A3-9474-1A3956D46DE8}") = "01_KDCafe", "01_KDCafe", "{4317526E-6E52-47E8-80E8-56433521E721}"
EndProject
Project("{FAE04EC0-301F-11D3-BF4B-00C04F79EFBC}") = "01_Cafe", "01_Cafe\01_Cafe.csproj", "{C679CBBC-19C3-4D4C-9314-84BE0E312B35}"
EndProject
Project("{FAE04EC0-301F-11D3-BF4B-00C04F79EFBC}") = "01_CafeTest", "CafeTest\01_CafeTest.csproj", "{BA3DE818-D47C-4031-BEF3-8A0A86534E97}"
EndProject
Project("{FAE04EC0-301F-11D3-BF4B-00C04F79EFBC}") = "01_CafeUI", "01_CafeUI\01_CafeUI.csproj", "{3CC8E3D1-21AD-4657-B4A4-083C6D617C59}"
EndProject
Project("{2150E333-8FDC-42A3-9474-1A3956D46DE8}") = "02_KDClaims", "02_KDClaims", "{50D54387-471D-4C5D-AA5F-C4E9DFB3241B}"
EndProject
Project("{FAE04EC0-301F-11D3-BF4B-00C04F79EFBC}") = "02_Claims", "02_Claims\02_Claims.csproj", "{2DA4A130-F800-41B0-9B64-8068B835DCF9}"
EndProject
Project("{FAE04EC0-301F-11D3-BF4B-00C04F79EFBC}") = "02_KDClaimsUI", "02_KDClaimsUI\02_KDClaimsUI.csproj", "{6ED08214-BEA7-4064-A7B4-809049E706DA}"
EndProject
Project("{FAE04EC0-301F-11D3-BF4B-00C04F79EFBC}") = "02_KDClaimsTest", "02_KDClaimsTest\02_KDClaimsTest.csproj", "{3352557F-7F3E-49C6-9738-936AA7A435B2}"
EndProject
Global
	GlobalSection(SolutionConfigurationPlatforms) = preSolution
		Debug|Any CPU = Debug|Any CPU
		Release|Any CPU = Release|Any CPU
	EndGlobalSection
	GlobalSection(ProjectConfigurationPlatforms) = postSolution
		{C679CBBC-19C3-4D4C-9314-84BE0E312B35}.Debug|Any CPU.ActiveCfg = Debug|Any CPU
		{C679CBBC-19C3-4D4C-9314-84BE0E312B35}.Debug|Any CPU.Build.0 = Debug|Any CPU
		{C679CBBC-19C3-4D4C-9314-84BE0E312B35}.Release|Any CPU.ActiveCfg = Release|Any CPU
		{C679CBBC-19C3-4D4C-9314-84BE0E312B35}.Release|Any CPU.Build.0 = Release|Any CPU
		{BA3DE818-D47C-4031-BEF3-8A0A86534E97}.Debug|Any CPU.ActiveCfg = Debug|Any CPU
		{BA3DE818-D47C-4031-BEF3-8A0A86534E97}.Debug|Any CPU.Build.0 = Debug|Any CPU
		{BA3DE818-D47C-4031-BEF3-8A0A86534E97}.Release|Any CPU.ActiveCfg = Release|Any CPU
		{BA3DE818-D47C-4031-BEF3-8A0A86534E97}.Release|Any CPU.Build.0 = Release|Any CPU
		{3CC8E3D1-21AD-4657-B4A4-083C6D617C59}.Debug|Any CPU.ActiveCfg = Debug|Any CPU
		{3CC8E3D1-21AD-4657-B4A4-083C6D617C59}.Debug|Any CPU.Build.0 = Debug|Any CPU
		{3CC8E3D1-21AD-4657-B4A4-083C6D617C59}.Release|Any CPU.ActiveCfg = Release|Any CPU
		{3CC8E3D1-21AD-4657-B4A4-083C6D617C59}.Release|Any CPU.Build.0 = Release|Any CPU
		{2DA4A130-F800-41B0-9B64-8068B835DCF9}.Debug|Any CPU.ActiveCfg = Debug|Any CPU
		{2DA4A130-F800-41B0-9B64-8068B835DCF9}.Debug|Any CPU.Build.0 = Debug|Any CPU
		{2DA4A130-F800-41B0-9B64-8068B835DCF9}.Release|Any CPU.ActiveCfg = Release|Any CPU
		{2DA4A130-F800-41B0-9B64-8068B835DCF9}.Release|Any CPU.Build.0 = Release|Any CPU
		{6ED08214-BEA7-4064-A7B4-809049E706DA}.Debug|Any CPU.ActiveCfg = Debug|Any CPU
		{6ED08214-BEA7-4064-A7B4-809049E706DA}.Debug|Any CPU.Build.0 = Debug|Any CPU
		{6ED08214-BEA7-4064-A7B4-809049E706DA}.Release|Any CPU.ActiveCfg = Release|Any CPU
		{6ED08214-BEA7-4064-A7B4-809049E706DA}.Release|Any CPU.Build.0 = Release|Any CPU
		{3352557F-7F3E-49C6-9738-936AA7A435B2}.Debug|Any CPU.ActiveCfg = Debug|Any CPU
		{3352557F-7F3E-49C6-9738-936AA7A435B2}.Debug|Any CPU.Build.0 = Debug|Any CPU
		{3352557F-7F3E-49C6-9738-936AA7A435B2}.Release|Any CPU.ActiveCfg = Release|Any CPU
		{3352557F-7F3E-49C6-9738-936AA7A435B2}.Release|Any CPU.Build.0 = Release|Any CPU
	EndGlobalSection
	GlobalSection(SolutionProperties) = preSolution
		HideSolutionNode = FALSE
	EndGlobalSection
	GlobalSection(NestedProjects) = preSolution
		{C679CBBC-19C3-4D4C-9314-84BE0E312B35} = {4317526E-6E52-47E8-80E8-56433521E721}
		{BA3DE818-D47C-4031-BEF3-8A0A86534E97} = {4317526E-6E52-47E8-80E8-56433521E721}
		{3CC8E3D1-21AD-4657-B4A4-083C6D617C59} = {4317526E-6E52-47E8-80E8-56433521E721}
		{2DA4A130-F800-41B0-9B64-8068B835DCF9} = {50D54387-471D-4C5D-AA5F-C4E9DFB3241B}
		{6ED08214-BEA7-4064-A7B4-809049E706DA} = {50D54387-471D-4C5D-AA5F-C4E9DFB3241B}
		{3352557F-7F3E-49C6-9738-936AA7A435B2} = {50D54387-471D-4C5D-AA5F-C4E9DFB3241B}
	EndGlobalSection
	GlobalSection(ExtensibilityGlobals) = postSolution
		SolutionGuid = {A02C1548-37D9-4BE7-869A-455CFF7E0061}
	EndGlobalSection
EndGlobal
